
Microsoft Visual Studio Solution File, Format Version 12.00
# Visual Studio 15
VisualStudioVersion = 15.0.26730.16
MinimumVisualStudioVersion = 10.0.40219.1
Project("{FAE04EC0-301F-11D3-BF4B-00C04F79EFBC}") = "Rampastring.Updater", "Rampastring.Updater\Rampastring.Updater.csproj", "{938F6EFF-CA6D-4479-A434-FD3E93700097}"
EndProject
Project("{FAE04EC0-301F-11D3-BF4B-00C04F79EFBC}") = "SecondStageUpdater", "SecondStageUpdater\SecondStageUpdater.csproj", "{F831B075-EA10-4EAC-9A0A-2182AB4A2DED}"
EndProject
Project("{FAE04EC0-301F-11D3-BF4B-00C04F79EFBC}") = "VersionWriter", "VersionWriter\VersionWriter.csproj", "{2376EBA2-D1E4-435B-8A84-055169FD9569}"
EndProject
Global
	GlobalSection(SolutionConfigurationPlatforms) = preSolution
		Debug|Any CPU = Debug|Any CPU
		Release|Any CPU = Release|Any CPU
	EndGlobalSection
	GlobalSection(ProjectConfigurationPlatforms) = postSolution
		{938F6EFF-CA6D-4479-A434-FD3E93700097}.Debug|Any CPU.ActiveCfg = Debug|Any CPU
		{938F6EFF-CA6D-4479-A434-FD3E93700097}.Debug|Any CPU.Build.0 = Debug|Any CPU
		{938F6EFF-CA6D-4479-A434-FD3E93700097}.Release|Any CPU.ActiveCfg = Release|Any CPU
		{938F6EFF-CA6D-4479-A434-FD3E93700097}.Release|Any CPU.Build.0 = Release|Any CPU
		{F831B075-EA10-4EAC-9A0A-2182AB4A2DED}.Debug|Any CPU.ActiveCfg = Debug|Any CPU
		{F831B075-EA10-4EAC-9A0A-2182AB4A2DED}.Debug|Any CPU.Build.0 = Debug|Any CPU
		{F831B075-EA10-4EAC-9A0A-2182AB4A2DED}.Release|Any CPU.ActiveCfg = Release|Any CPU
		{F831B075-EA10-4EAC-9A0A-2182AB4A2DED}.Release|Any CPU.Build.0 = Release|Any CPU
		{2376EBA2-D1E4-435B-8A84-055169FD9569}.Debug|Any CPU.ActiveCfg = Debug|Any CPU
		{2376EBA2-D1E4-435B-8A84-055169FD9569}.Debug|Any CPU.Build.0 = Debug|Any CPU
		{2376EBA2-D1E4-435B-8A84-055169FD9569}.Release|Any CPU.ActiveCfg = Release|Any CPU
		{2376EBA2-D1E4-435B-8A84-055169FD9569}.Release|Any CPU.Build.0 = Release|Any CPU
	EndGlobalSection
	GlobalSection(SolutionProperties) = preSolution
		HideSolutionNode = FALSE
	EndGlobalSection
	GlobalSection(ExtensibilityGlobals) = postSolution
		SolutionGuid = {47BA6AB0-E395-466E-9C34-D493677AA704}
	EndGlobalSection
EndGlobal
